
Microsoft Visual Studio Solution File, Format Version 12.00
# Visual Studio Version 17
VisualStudioVersion = 17.6.33815.320
MinimumVisualStudioVersion = 10.0.40219.1
Project("{FAE04EC0-301F-11D3-BF4B-00C04F79EFBC}") = "MarketAssetPriceService", "MarketAssetPriceService\MarketAssetPriceService.csproj", "{4D50CBFB-4F95-4B12-AD40-960A5E9A85B1}"
EndProject
Global
	GlobalSection(SolutionConfigurationPlatforms) = preSolution
		Debug|Any CPU = Debug|Any CPU
		Release|Any CPU = Release|Any CPU
	EndGlobalSection
	GlobalSection(ProjectConfigurationPlatforms) = postSolution
		{4D50CBFB-4F95-4B12-AD40-960A5E9A85B1}.Debug|Any CPU.ActiveCfg = Debug|Any CPU
		{4D50CBFB-4F95-4B12-AD40-960A5E9A85B1}.Debug|Any CPU.Build.0 = Debug|Any CPU
		{4D50CBFB-4F95-4B12-AD40-960A5E9A85B1}.Release|Any CPU.ActiveCfg = Release|Any CPU
		{4D50CBFB-4F95-4B12-AD40-960A5E9A85B1}.Release|Any CPU.Build.0 = Release|Any CPU
	EndGlobalSection
	GlobalSection(SolutionProperties) = preSolution
		HideSolutionNode = FALSE
	EndGlobalSection
	GlobalSection(ExtensibilityGlobals) = postSolution
		SolutionGuid = {40D6C7DC-2E64-47FB-9ACD-AFB624F2FCDB}
	EndGlobalSection
EndGlobal
